
Microsoft Visual Studio Solution File, Format Version 11.00
# Visual Studio 2010
Project("{8BC9CEB8-8B4A-11D0-8D11-00A0C91BC942}") = "goodbye-world", "goodbye-world-project\goodbye-world.vcxproj", "{A1C258EE-5166-44BF-9EFD-F04C53957960}"
EndProject
Project("{8BC9CEB8-8B4A-11D0-8D11-00A0C91BC942}") = "hello-world", "hello-world-project\hello-world.vcxproj", "{5AF88374-A467-4CCA-8B38-CEB0DDE9BA58}"
EndProject
Global
	GlobalSection(SolutionConfigurationPlatforms) = preSolution
		Debug|Win32 = Debug|Win32
		Debug|x64 = Debug|x64
		Release|Win32 = Release|Win32
		Release|x64 = Release|x64
	EndGlobalSection
	GlobalSection(ProjectConfigurationPlatforms) = postSolution
		{A1C258EE-5166-44BF-9EFD-F04C53957960}.Debug|Win32.ActiveCfg = Debug|Win32
		{A1C258EE-5166-44BF-9EFD-F04C53957960}.Debug|Win32.Build.0 = Debug|Win32
		{A1C258EE-5166-44BF-9EFD-F04C53957960}.Debug|x64.ActiveCfg = Debug|x64
		{A1C258EE-5166-44BF-9EFD-F04C53957960}.Debug|x64.Build.0 = Debug|x64
		{A1C258EE-5166-44BF-9EFD-F04C53957960}.Release|Win32.ActiveCfg = Release|Win32
		{A1C258EE-5166-44BF-9EFD-F04C53957960}.Release|Win32.Build.0 = Release|Win32
		{A1C258EE-5166-44BF-9EFD-F04C53957960}.Release|x64.ActiveCfg = Release|x64
		{A1C258EE-5166-44BF-9EFD-F04C53957960}.Release|x64.Build.0 = Release|x64
		{5AF88374-A467-4CCA-8B38-CEB0DDE9BA58}.Debug|Win32.ActiveCfg = Debug|Win32
		{5AF88374-A467-4CCA-8B38-CEB0DDE9BA58}.Debug|Win32.Build.0 = Debug|Win32
		{5AF88374-A467-4CCA-8B38-CEB0DDE9BA58}.Debug|x64.ActiveCfg = Debug|x64
		{5AF88374-A467-4CCA-8B38-CEB0DDE9BA58}.Debug|x64.Build.0 = Debug|x64
		{5AF88374-A467-4CCA-8B38-CEB0DDE9BA58}.Release|Win32.ActiveCfg = Release|Win32
		{5AF88374-A467-4CCA-8B38-CEB0DDE9BA58}.Release|Win32.Build.0 = Release|Win32
		{5AF88374-A467-4CCA-8B38-CEB0DDE9BA58}.Release|x64.ActiveCfg = Release|x64
		{5AF88374-A467-4CCA-8B38-CEB0DDE9BA58}.Release|x64.Build.0 = Release|x64
	EndGlobalSection
	GlobalSection(SolutionProperties) = preSolution
		HideSolutionNode = FALSE
	EndGlobalSection
EndGlobal
